// !$*UTF8*$!
{
	archiveVersion = 1;
	classes = {
	};
	objectVersion = 77;
	objects = {

/* Begin PBXCopyFilesBuildPhase section */
		F70D18F12FA12B5A00A2B235 /* CopyFiles */ = {
			isa = PBXCopyFilesBuildPhase;
			buildActionMask = 2147483647;
			dstPath = /usr/share/man/man1/;
			dstSubfolderSpec = 0;
			files = (
			);
			runOnlyForDeploymentPostprocessing = 1;
		};
		F77A715A2FB415A5006C2776 /* CopyFiles */ = {
			isa = PBXCopyFilesBuildPhase;
			buildActionMask = 2147483647;
			dstPath = /usr/share/man/man1/;
			dstSubfolderSpec = 0;
			files = (
			);
			runOnlyForDeploymentPostprocessing = 1;
		};
/* End PBXCopyFilesBuildPhase section */

/* Begin PBXFileReference section */
		F70D18F32FA12B5A00A2B235 /* DRAGON */ = {isa = PBXFileReference; explicitFileType = "compiled.mach-o.executable"; includeInIndex = 0; path = DRAGON; sourceTree = BUILT_PRODUCTS_DIR; };
		F77A715C2FB415A5006C2776 /* DRAGON_TESTS */ = {isa = PBXFileReference; explicitFileType = "compiled.mach-o.executable"; includeInIndex = 0; path = DRAGON_TESTS; sourceTree = BUILT_PRODUCTS_DIR; };
		F77CE43B2FE49E9200DB6F31 /* README.md */ = {isa = PBXFileReference; lastKnownFileType = net.daringfireball.markdown; path = README.md; sourceTree = "<group>"; };
		F77CE43C2FE4B0EE00DB6F31 /* LICENSE */ = {isa = PBXFileReference; lastKnownFileType = text; path = LICENSE; sourceTree = "<group>"; };
/* End PBXFileReference section */

/* Begin PBXFileSystemSynchronizedBuildFileExceptionSet section */
		F76C27C52FDB955000B706F5 /* Exceptions for "DRAGONWING" folder in "DRAGON_TESTS" target */ = {
			isa = PBXFileSystemSynchronizedBuildFileExceptionSet;
			membershipExceptions = (
				pthread_parallel.cpp,
			);
			target = F77A715B2FB415A5006C2776 /* DRAGON_TESTS */;
		};
		F77A71642FB415B4006C2776 /* Exceptions for "DRAGON" folder in "DRAGON_TESTS" target */ = {
			isa = PBXFileSystemSynchronizedBuildFileExceptionSet;
			membershipExceptions = (
				Boundary/BoundaryTypes/Fixed.cpp,
				Boundary/BoundaryTypes/Ignore.cpp,
				Boundary/BoundaryTypes/Outflow.cpp,
				Boundary/BoundaryTypes/Periodic.cpp,
				Boundary/BoundaryTypes/Reflective.cpp,
				Boundary/Facemask.cpp,
				FluidElement/Arithmetic.cpp,
				FluidElement/FluidElement.cpp,
				Godunov/CFL/CFL.cpp,
				Godunov/Sweeps/Godunov.cpp,
				Godunov/Sweeps/Splitting.cpp,
				Godunov/Sweeps/Unsplit.cpp,
				Godunov/TVD/TVD.cpp,
				MHD/CT.cpp,
				Refinement/DistGrid.cpp,
				Riemann/Exact.cpp,
				Riemann/Flux.cpp,
				Riemann/HLL.cpp,
				Riemann/HLLD.cpp,
				Riemann/Roe.cpp,
			);
			target = F77A715B2FB415A5006C2776 /* DRAGON_TESTS */;
		};
		F77E4EF82FCB8C180070DBBF /* Exceptions for "Testing" folder in "DRAGON" target */ = {
			isa = PBXFileSystemSynchronizedBuildFileExceptionSet;
			membershipExceptions = (
				Core/Boundary/Boundary_Tests.cpp,
				Core/Boundary/FixedBound_Tests.cpp,
				Core/Boundary/Outflow_Tests.cpp,
				Core/Boundary/OutflowGate_Tests.cpp,
				Core/Boundary/Periodic_Tests.cpp,
				Core/Boundary/Reflecting_Tests.cpp,
				Core/FluidElement_Tests.cpp,
				Core/Godunov/CFL_Tests.cpp,
				Core/Godunov/CTU_Tests.cpp,
				Core/Godunov/DimMatch_Tests.cpp,
				Core/Godunov/Godunov_Tests.cpp,
				Core/Godunov/MHDGodunov_Tests.cpp,
				Core/Godunov/TVD_Tests.cpp,
				Core/Grid_Tests.cpp,
				Core/Riemann/HLL_Tests.cpp,
				Core/Riemann/Riemann_Exact_Tests.cpp,
				Core/Riemann/Riemann_Tests.cpp,
				Core/Riemann/Roe_Tests.cpp,
				Testing.cpp,
			);
			target = F70D18F22FA12B5A00A2B235 /* DRAGON */;
		};
		F790CF822FC9F8D90094987D /* Exceptions for "Testing" folder in "DRAGON_TESTS" target */ = {
			isa = PBXFileSystemSynchronizedBuildFileExceptionSet;
			membershipExceptions = (
				Core/Boundary/Boundary_Tests.cpp,
				Core/Boundary/FixedBound_Tests.cpp,
				Core/Boundary/Outflow_Tests.cpp,
				Core/Boundary/OutflowGate_Tests.cpp,
				Core/Boundary/Periodic_Tests.cpp,
				Core/Boundary/Reflecting_Tests.cpp,
				Core/FluidElement_Tests.cpp,
				Core/Godunov/CFL_Tests.cpp,
				Core/Godunov/CTU_Tests.cpp,
				Core/Godunov/DimMatch_Tests.cpp,
				Core/Godunov/Godunov_Tests.cpp,
				Core/Godunov/MHDGodunov_Tests.cpp,
				Core/Godunov/TVD_Tests.cpp,
				Core/Grid_Tests.cpp,
				Core/Riemann/HLL_Tests.cpp,
				Core/Riemann/Riemann_Exact_Tests.cpp,
				Core/Riemann/Riemann_Tests.cpp,
				Core/Riemann/Roe_Tests.cpp,
				Testing.cpp,
			);
			target = F77A715B2FB415A5006C2776 /* DRAGON_TESTS */;
		};
/* End PBXFileSystemSynchronizedBuildFileExceptionSet section */

/* Begin PBXFileSystemSynchronizedRootGroup section */
		F70D18F52FA12B5A00A2B235 /* DRAGON */ = {
			isa = PBXFileSystemSynchronizedRootGroup;
			exceptions = (
				F77A71642FB415B4006C2776 /* Exceptions for "DRAGON" folder in "DRAGON_TESTS" target */,
			);
			path = DRAGON;
			sourceTree = "<group>";
		};
		F76C27BD2FDB8F6500B706F5 /* DRAGONWING */ = {
			isa = PBXFileSystemSynchronizedRootGroup;
			exceptions = (
				F76C27C52FDB955000B706F5 /* Exceptions for "DRAGONWING" folder in "DRAGON_TESTS" target */,
			);
			path = DRAGONWING;
			sourceTree = "<group>";
		};
		F790CF7D2FC9F8D80094987D /* Testing */ = {
			isa = PBXFileSystemSynchronizedRootGroup;
			exceptions = (
				F77E4EF82FCB8C180070DBBF /* Exceptions for "Testing" folder in "DRAGON" target */,
				F790CF822FC9F8D90094987D /* Exceptions for "Testing" folder in "DRAGON_TESTS" target */,
			);
			path = Testing;
			sourceTree = "<group>";
		};
/* End PBXFileSystemSynchronizedRootGroup section */

/* Begin PBXFrameworksBuildPhase section */
		F70D18F02FA12B5A00A2B235 /* Frameworks */ = {
			isa = PBXFrameworksBuildPhase;
			buildActionMask = 2147483647;
			files = (
			);
			runOnlyForDeploymentPostprocessing = 0;
		};
		F77A71592FB415A5006C2776 /* Frameworks */ = {
			isa = PBXFrameworksBuildPhase;
			buildActionMask = 2147483647;
			files = (
			);
			runOnlyForDeploymentPostprocessing = 0;
		};
/* End PBXFrameworksBuildPhase section */

/* Begin PBXGroup section */
		F70D18EA2FA12B5A00A2B235 = {
			isa = PBXGroup;
			children = (
				F77CE43B2FE49E9200DB6F31 /* README.md */,
				F70D18F52FA12B5A00A2B235 /* DRAGON */,
				F76C27BD2FDB8F6500B706F5 /* DRAGONWING */,
				F790CF7D2FC9F8D80094987D /* Testing */,
				F70D18F42FA12B5A00A2B235 /* Products */,
				F77CE43C2FE4B0EE00DB6F31 /* LICENSE */,
			);
			sourceTree = "<group>";
		};
		F70D18F42FA12B5A00A2B235 /* Products */ = {
			isa = PBXGroup;
			children = (
				F70D18F32FA12B5A00A2B235 /* DRAGON */,
				F77A715C2FB415A5006C2776 /* DRAGON_TESTS */,
			);
			name = Products;
			sourceTree = "<group>";
		};
/* End PBXGroup section */

/* Begin PBXNativeTarget section */
		F70D18F22FA12B5A00A2B235 /* DRAGON */ = {
			isa = PBXNativeTarget;
			buildConfigurationList = F70D18FA2FA12B5A00A2B235 /* Build configuration list for PBXNativeTarget "DRAGON" */;
			buildPhases = (
				F70D18EF2FA12B5A00A2B235 /* Sources */,
				F70D18F02FA12B5A00A2B235 /* Frameworks */,
				F70D18F12FA12B5A00A2B235 /* CopyFiles */,
			);
			buildRules = (
			);
			dependencies = (
			);
			fileSystemSynchronizedGroups = (
				F70D18F52FA12B5A00A2B235 /* DRAGON */,
				F76C27BD2FDB8F6500B706F5 /* DRAGONWING */,
				F790CF7D2FC9F8D80094987D /* Testing */,
			);
			name = DRAGON;
			packageProductDependencies = (
			);
			productName = "Hydro Code";
			productReference = F70D18F32FA12B5A00A2B235 /* DRAGON */;
			productType = "com.apple.product-type.tool";
		};
		F77A715B2FB415A5006C2776 /* DRAGON_TESTS */ = {
			isa = PBXNativeTarget;
			buildConfigurationList = F77A71602FB415A5006C2776 /* Build configuration list for PBXNativeTarget "DRAGON_TESTS" */;
			buildPhases = (
				F77A71582FB415A5006C2776 /* Sources */,
				F77A71592FB415A5006C2776 /* Frameworks */,
				F77A715A2FB415A5006C2776 /* CopyFiles */,
			);
			buildRules = (
			);
			dependencies = (
			);
			name = DRAGON_TESTS;
			packageProductDependencies = (
			);
			productName = DRAGON_TESTS;
			productReference = F77A715C2FB415A5006C2776 /* DRAGON_TESTS */;
			productType = "com.apple.product-type.tool";
		};
/* End PBXNativeTarget section */

/* Begin PBXProject section */
		F70D18EB2FA12B5A00A2B235 /* Project object */ = {
			isa = PBXProject;
			attributes = {
				BuildIndependentTargetsInParallel = 1;
				LastUpgradeCheck = 2650;
				TargetAttributes = {
					F70D18F22FA12B5A00A2B235 = {
						CreatedOnToolsVersion = 26.4.1;
					};
					F77A715B2FB415A5006C2776 = {
						CreatedOnToolsVersion = 26.5;
					};
				};
			};
			buildConfigurationList = F70D18EE2FA12B5A00A2B235 /* Build configuration list for PBXProject "DRAGON" */;
			developmentRegion = en;
			hasScannedForEncodings = 0;
			knownRegions = (
				en,
				Base,
			);
			mainGroup = F70D18EA2FA12B5A00A2B235;
			minimizedProjectReferenceProxies = 1;
			preferredProjectObjectVersion = 77;
			productRefGroup = F70D18F42FA12B5A00A2B235 /* Products */;
			projectDirPath = "";
			projectRoot = "";
			targets = (
				F70D18F22FA12B5A00A2B235 /* DRAGON */,
				F77A715B2FB415A5006C2776 /* DRAGON_TESTS */,
			);
		};
/* End PBXProject section */

/* Begin PBXSourcesBuildPhase section */
		F70D18EF2FA12B5A00A2B235 /* Sources */ = {
			isa = PBXSourcesBuildPhase;
			buildActionMask = 2147483647;
			files = (
			);
			runOnlyForDeploymentPostprocessing = 0;
		};
		F77A71582FB415A5006C2776 /* Sources */ = {
			isa = PBXSourcesBuildPhase;
			buildActionMask = 2147483647;
			files = (
			);
			runOnlyForDeploymentPostprocessing = 0;
		};
/* End PBXSourcesBuildPhase section */

/* Begin XCBuildConfiguration section */
		F70D18F82FA12B5A00A2B235 /* Debug */ = {
			isa = XCBuildConfiguration;
			buildSettings = {
				ALWAYS_SEARCH_USER_PATHS = NO;
				ASSETCATALOG_COMPILER_GENERATE_SWIFT_ASSET_SYMBOL_EXTENSIONS = YES;
				CLANG_ANALYZER_NONNULL = YES;
				CLANG_ANALYZER_NUMBER_OBJECT_CONVERSION = YES_AGGRESSIVE;
				CLANG_CXX_LANGUAGE_STANDARD = "gnu++20";
				CLANG_ENABLE_MODULES = YES;
				CLANG_ENABLE_OBJC_ARC = YES;
				CLANG_ENABLE_OBJC_WEAK = YES;
				CLANG_WARN_BLOCK_CAPTURE_AUTORELEASING = YES;
				CLANG_WARN_BOOL_CONVERSION = YES;
				CLANG_WARN_COMMA = YES;
				CLANG_WARN_CONSTANT_CONVERSION = YES;
				CLANG_WARN_DEPRECATED_OBJC_IMPLEMENTATIONS = YES;
				CLANG_WARN_DIRECT_OBJC_ISA_USAGE = YES_ERROR;
				CLANG_WARN_DOCUMENTATION_COMMENTS = YES;
				CLANG_WARN_EMPTY_BODY = YES;
				CLANG_WARN_ENUM_CONVERSION = YES;
				CLANG_WARN_INFINITE_RECURSION = YES;
				CLANG_WARN_INT_CONVERSION = YES;
				CLANG_WARN_NON_LITERAL_NULL_CONVERSION = YES;
				CLANG_WARN_OBJC_IMPLICIT_RETAIN_SELF = YES;
				CLANG_WARN_OBJC_LITERAL_CONVERSION = YES;
				CLANG_WARN_OBJC_ROOT_CLASS = YES_ERROR;
				CLANG_WARN_QUOTED_INCLUDE_IN_FRAMEWORK_HEADER = YES;
				CLANG_WARN_RANGE_LOOP_ANALYSIS = YES;
				CLANG_WARN_STRICT_PROTOTYPES = YES;
				CLANG_WARN_SUSPICIOUS_MOVE = YES;
				CLANG_WARN_UNGUARDED_AVAILABILITY = YES_AGGRESSIVE;
				CLANG_WARN_UNREACHABLE_CODE = YES;
				CLANG_WARN__DUPLICATE_METHOD_MATCH = YES;
				COPY_PHASE_STRIP = NO;
				DEAD_CODE_STRIPPING = YES;
				DEBUG_INFORMATION_FORMAT = dwarf;
				DEVELOPMENT_TEAM = UR2T3Z854C;
				ENABLE_STRICT_OBJC_MSGSEND = YES;
				ENABLE_TESTABILITY = YES;
				ENABLE_USER_SCRIPT_SANDBOXING = YES;
				GCC_C_LANGUAGE_STANDARD = gnu17;
				GCC_DYNAMIC_NO_PIC = NO;
				GCC_NO_COMMON_BLOCKS = YES;
				GCC_OPTIMIZATION_LEVEL = 0;
				GCC_PREPROCESSOR_DEFINITIONS = (
					"DEBUG=1",
					"$(inherited)",
				);
				GCC_WARN_64_TO_32_BIT_CONVERSION = YES;
				GCC_WARN_ABOUT_RETURN_TYPE = YES_ERROR;
				GCC_WARN_UNDECLARED_SELECTOR = YES;
				GCC_WARN_UNINITIALIZED_AUTOS = YES_AGGRESSIVE;
				GCC_WARN_UNUSED_FUNCTION = YES;
				GCC_WARN_UNUSED_VARIABLE = YES;
				LOCALIZATION_PREFERS_STRING_CATALOGS = YES;
				MACOSX_DEPLOYMENT_TARGET = 26.3;
				MTL_ENABLE_DEBUG_INFO = INCLUDE_SOURCE;
				MTL_FAST_MATH = YES;
				ONLY_ACTIVE_ARCH = YES;
				SDKROOT = macosx;
				STRING_CATALOG_GENERATE_SYMBOLS = YES;
			};
			name = Debug;
		};
		F70D18F92FA12B5A00A2B235 /* Release */ = {
			isa = XCBuildConfiguration;
			buildSettings = {
				ALWAYS_SEARCH_USER_PATHS = NO;
				ASSETCATALOG_COMPILER_GENERATE_SWIFT_ASSET_SYMBOL_EXTENSIONS = YES;
				CLANG_ANALYZER_NONNULL = YES;
				CLANG_ANALYZER_NUMBER_OBJECT_CONVERSION = YES_AGGRESSIVE;
				CLANG_CXX_LANGUAGE_STANDARD = "gnu++20";
				CLANG_ENABLE_MODULES = YES;
				CLANG_ENABLE_OBJC_ARC = YES;
				CLANG_ENABLE_OBJC_WEAK = YES;
				CLANG_WARN_BLOCK_CAPTURE_AUTORELEASING = YES;
				CLANG_WARN_BOOL_CONVERSION = YES;
				CLANG_WARN_COMMA = YES;
				CLANG_WARN_CONSTANT_CONVERSION = YES;
				CLANG_WARN_DEPRECATED_OBJC_IMPLEMENTATIONS = YES;
				CLANG_WARN_DIRECT_OBJC_ISA_USAGE = YES_ERROR;
				CLANG_WARN_DOCUMENTATION_COMMENTS = YES;
				CLANG_WARN_EMPTY_BODY = YES;
				CLANG_WARN_ENUM_CONVERSION = YES;
				CLANG_WARN_INFINITE_RECURSION = YES;
				CLANG_WARN_INT_CONVERSION = YES;
				CLANG_WARN_NON_LITERAL_NULL_CONVERSION = YES;
				CLANG_WARN_OBJC_IMPLICIT_RETAIN_SELF = YES;
				CLANG_WARN_OBJC_LITERAL_CONVERSION = YES;
				CLANG_WARN_OBJC_ROOT_CLASS = YES_ERROR;
				CLANG_WARN_QUOTED_INCLUDE_IN_FRAMEWORK_HEADER = YES;
				CLANG_WARN_RANGE_LOOP_ANALYSIS = YES;
				CLANG_WARN_STRICT_PROTOTYPES = YES;
				CLANG_WARN_SUSPICIOUS_MOVE = YES;
				CLANG_WARN_UNGUARDED_AVAILABILITY = YES_AGGRESSIVE;
				CLANG_WARN_UNREACHABLE_CODE = YES;
				CLANG_WARN__DUPLICATE_METHOD_MATCH = YES;
				COPY_PHASE_STRIP = NO;
				DEAD_CODE_STRIPPING = YES;
				DEBUG_INFORMATION_FORMAT = "dwarf-with-dsym";
				DEVELOPMENT_TEAM = UR2T3Z854C;
				ENABLE_NS_ASSERTIONS = NO;
				ENABLE_STRICT_OBJC_MSGSEND = YES;
				ENABLE_USER_SCRIPT_SANDBOXING = YES;
				GCC_C_LANGUAGE_STANDARD = gnu17;
				GCC_NO_COMMON_BLOCKS = YES;
				GCC_WARN_64_TO_32_BIT_CONVERSION = YES;
				GCC_WARN_ABOUT_RETURN_TYPE = YES_ERROR;
				GCC_WARN_UNDECLARED_SELECTOR = YES;
				GCC_WARN_UNINITIALIZED_AUTOS = YES_AGGRESSIVE;
				GCC_WARN_UNUSED_FUNCTION = YES;
				GCC_WARN_UNUSED_VARIABLE = YES;
				LOCALIZATION_PREFERS_STRING_CATALOGS = YES;
				MACOSX_DEPLOYMENT_TARGET = 26.3;
				MTL_ENABLE_DEBUG_INFO = NO;
				MTL_FAST_MATH = YES;
				SDKROOT = macosx;
				STRING_CATALOG_GENERATE_SYMBOLS = YES;
			};
			name = Release;
		};
		F70D18FB2FA12B5A00A2B235 /* Debug */ = {
			isa = XCBuildConfiguration;
			buildSettings = {
				CLANG_CXX_LANGUAGE_STANDARD = "gnu++23";
				CODE_SIGN_STYLE = Automatic;
				DEAD_CODE_STRIPPING = YES;
				DEVELOPMENT_TEAM = UR2T3Z854C;
				ENABLE_HARDENED_RUNTIME = YES;
				GCC_C_LANGUAGE_STANDARD = gnu23;
				GCC_OPTIMIZATION_LEVEL = 3;
				PRODUCT_NAME = "$(TARGET_NAME)";
			};
			name = Debug;
		};
		F70D18FC2FA12B5A00A2B235 /* Release */ = {
			isa = XCBuildConfiguration;
			buildSettings = {
				CLANG_CXX_LANGUAGE_STANDARD = "gnu++23";
				CODE_SIGN_STYLE = Automatic;
				DEAD_CODE_STRIPPING = YES;
				DEVELOPMENT_TEAM = UR2T3Z854C;
				ENABLE_HARDENED_RUNTIME = YES;
				GCC_C_LANGUAGE_STANDARD = gnu23;
				GCC_OPTIMIZATION_LEVEL = 3;
				PRODUCT_NAME = "$(TARGET_NAME)";
			};
			name = Release;
		};
		F77A71612FB415A5006C2776 /* Debug */ = {
			isa = XCBuildConfiguration;
			buildSettings = {
				CLANG_CXX_LANGUAGE_STANDARD = "gnu++23";
				CODE_SIGN_STYLE = Automatic;
				DEAD_CODE_STRIPPING = YES;
				DEVELOPMENT_TEAM = UR2T3Z854C;
				ENABLE_HARDENED_RUNTIME = YES;
				GCC_C_LANGUAGE_STANDARD = gnu23;
				GCC_OPTIMIZATION_LEVEL = 0;
				GCC_PREPROCESSOR_DEFINITIONS = (
					"DEBUG=1",
					"$(inherited)",
					"TESTMODE=1",
				);
				PRODUCT_NAME = "$(TARGET_NAME)";
			};
			name = Debug;
		};
		F77A71622FB415A5006C2776 /* Release */ = {
			isa = XCBuildConfiguration;
			buildSettings = {
				CLANG_CXX_LANGUAGE_STANDARD = "gnu++23";
				CODE_SIGN_STYLE = Automatic;
				DEAD_CODE_STRIPPING = YES;
				DEVELOPMENT_TEAM = UR2T3Z854C;
				ENABLE_HARDENED_RUNTIME = YES;
				GCC_C_LANGUAGE_STANDARD = gnu23;
				GCC_OPTIMIZATION_LEVEL = 0;
				PRODUCT_NAME = "$(TARGET_NAME)";
			};
			name = Release;
		};
/* End XCBuildConfiguration section */

/* Begin XCConfigurationList section */
		F70D18EE2FA12B5A00A2B235 /* Build configuration list for PBXProject "DRAGON" */ = {
			isa = XCConfigurationList;
			buildConfigurations = (
				F70D18F82FA12B5A00A2B235 /* Debug */,
				F70D18F92FA12B5A00A2B235 /* Release */,
			);
			defaultConfigurationIsVisible = 0;
			defaultConfigurationName = Release;
		};
		F70D18FA2FA12B5A00A2B235 /* Build configuration list for PBXNativeTarget "DRAGON" */ = {
			isa = XCConfigurationList;
			buildConfigurations = (
				F70D18FB2FA12B5A00A2B235 /* Debug */,
				F70D18FC2FA12B5A00A2B235 /* Release */,
			);
			defaultConfigurationIsVisible = 0;
			defaultConfigurationName = Release;
		};
		F77A71602FB415A5006C2776 /* Build configuration list for PBXNativeTarget "DRAGON_TESTS" */ = {
			isa = XCConfigurationList;
			buildConfigurations = (
				F77A71612FB415A5006C2776 /* Debug */,
				F77A71622FB415A5006C2776 /* Release */,
			);
			defaultConfigurationIsVisible = 0;
			defaultConfigurationName = Release;
		};
/* End XCConfigurationList section */
	};
	rootObject = F70D18EB2FA12B5A00A2B235 /* Project object */;
}
